
Microsoft Visual Studio Solution File, Format Version 12.00
# Visual Studio 15
VisualStudioVersion = 15.0.27130.2027
MinimumVisualStudioVersion = 10.0.40219.1
Project("{FAE04EC0-301F-11D3-BF4B-00C04F79EFBC}") = "EffortTesting", "EffortTesting\EffortTesting.csproj", "{954223EE-95A4-407A-991B-744AFD895F9E}"
EndProject
Project("{FAE04EC0-301F-11D3-BF4B-00C04F79EFBC}") = "TestingWithEffort", "TestingWithEffort\TestingWithEffort.csproj", "{8EDF4429-251A-416D-BB68-93F227191BCF}"
EndProject
Global
	GlobalSection(SolutionConfigurationPlatforms) = preSolution
		Debug|Any CPU = Debug|Any CPU
		Release|Any CPU = Release|Any CPU
	EndGlobalSection
	GlobalSection(ProjectConfigurationPlatforms) = postSolution
		{954223EE-95A4-407A-991B-744AFD895F9E}.Debug|Any CPU.ActiveCfg = Debug|Any CPU
		{954223EE-95A4-407A-991B-744AFD895F9E}.Debug|Any CPU.Build.0 = Debug|Any CPU
		{954223EE-95A4-407A-991B-744AFD895F9E}.Release|Any CPU.ActiveCfg = Release|Any CPU
		{954223EE-95A4-407A-991B-744AFD895F9E}.Release|Any CPU.Build.0 = Release|Any CPU
		{8EDF4429-251A-416D-BB68-93F227191BCF}.Debug|Any CPU.ActiveCfg = Debug|Any CPU
		{8EDF4429-251A-416D-BB68-93F227191BCF}.Debug|Any CPU.Build.0 = Debug|Any CPU
		{8EDF4429-251A-416D-BB68-93F227191BCF}.Release|Any CPU.ActiveCfg = Release|Any CPU
		{8EDF4429-251A-416D-BB68-93F227191BCF}.Release|Any CPU.Build.0 = Release|Any CPU
	EndGlobalSection
	GlobalSection(SolutionProperties) = preSolution
		HideSolutionNode = FALSE
	EndGlobalSection
	GlobalSection(ExtensibilityGlobals) = postSolution
		SolutionGuid = {C65832CD-A917-42AA-A140-C94F0B7FE20E}
	EndGlobalSection
EndGlobal
